
Microsoft Visual Studio Solution File, Format Version 12.00
# Visual Studio 15
VisualStudioVersion = 15.0.26730.10
MinimumVisualStudioVersion = 10.0.40219.1

Project("{D954291E-2A0B-460D-934E-DC6B0785DB48}") = "Mobile.Forms.App", "Mobile.Forms.App\Mobile.Forms.App\Mobile.Forms.App.shproj", "{3B3EA91C-763C-4B5B-A097-6B765CC473A2}"
EndProject


Project("{FAE04EC0-301F-11D3-BF4B-00C04F79EFBC}") = "Mobile.Forms.App.iOS", "Mobile.Forms.App\Mobile.Forms.App.iOS\Mobile.Forms.App.iOS.csproj", "{F6B532BB-2430-4D2D-901F-FF2785E485BB}"
EndProject


Project("{FAE04EC0-301F-11D3-BF4B-00C04F79EFBC}") = "Mobile.Forms.App.Android", "Mobile.Forms.App\Mobile.Forms.App.Android\Mobile.Forms.App.Android.csproj", "{9C196DE2-51E3-41D0-BBD1-96526DAEFDF6}"
EndProject

Project("{FAE04EC0-301F-11D3-BF4B-00C04F79EFBC}") = "Mobile.Forms.App.UWP", "Mobile.Forms.App\Mobile.Forms.App.UWP\Mobile.Forms.App.UWP.csproj", "{6F724730-8809-4299-B7F7-8621AA561ECE}"
EndProject

Global
	GlobalSection(SolutionConfigurationPlatforms) = preSolution
		Ad-Hoc|Any CPU = Ad-Hoc|Any CPU
		Ad-Hoc|ARM = Ad-Hoc|ARM
		Ad-Hoc|iPhone = Ad-Hoc|iPhone
		Ad-Hoc|iPhoneSimulator = Ad-Hoc|iPhoneSimulator
		Ad-Hoc|x64 = Ad-Hoc|x64
		Ad-Hoc|x86 = Ad-Hoc|x86
		AppStore|Any CPU = AppStore|Any CPU
		AppStore|ARM = AppStore|ARM
		AppStore|iPhone = AppStore|iPhone
		AppStore|iPhoneSimulator = AppStore|iPhoneSimulator
		AppStore|x64 = AppStore|x64
		AppStore|x86 = AppStore|x86
		Debug|Any CPU = Debug|Any CPU
		Debug|ARM = Debug|ARM
		Debug|iPhone = Debug|iPhone
		Debug|iPhoneSimulator = Debug|iPhoneSimulator
		Debug|x64 = Debug|x64
		Debug|x86 = Debug|x86
		Release|Any CPU = Release|Any CPU
		Release|ARM = Release|ARM
		Release|iPhone = Release|iPhone
		Release|iPhoneSimulator = Release|iPhoneSimulator
		Release|x64 = Release|x64
		Release|x86 = Release|x86
	EndGlobalSection
	GlobalSection(ProjectConfigurationPlatforms) = postSolution
		{A6FB99BC-4A19-46BE-8482-7D312DC44D5A}.Ad-Hoc|Any CPU.ActiveCfg = Debug|Any CPU
		{A6FB99BC-4A19-46BE-8482-7D312DC44D5A}.Ad-Hoc|Any CPU.Build.0 = Debug|Any CPU
		{A6FB99BC-4A19-46BE-8482-7D312DC44D5A}.Ad-Hoc|ARM.ActiveCfg = Debug|Any CPU
		{A6FB99BC-4A19-46BE-8482-7D312DC44D5A}.Ad-Hoc|ARM.Build.0 = Debug|Any CPU
		{A6FB99BC-4A19-46BE-8482-7D312DC44D5A}.Ad-Hoc|iPhone.ActiveCfg = Debug|Any CPU
		{A6FB99BC-4A19-46BE-8482-7D312DC44D5A}.Ad-Hoc|iPhone.Build.0 = Debug|Any CPU
		{A6FB99BC-4A19-46BE-8482-7D312DC44D5A}.Ad-Hoc|iPhoneSimulator.ActiveCfg = Debug|Any CPU
		{A6FB99BC-4A19-46BE-8482-7D312DC44D5A}.Ad-Hoc|iPhoneSimulator.Build.0 = Debug|Any CPU
		{A6FB99BC-4A19-46BE-8482-7D312DC44D5A}.Ad-Hoc|x64.ActiveCfg = Debug|Any CPU
		{A6FB99BC-4A19-46BE-8482-7D312DC44D5A}.Ad-Hoc|x64.Build.0 = Debug|Any CPU
		{A6FB99BC-4A19-46BE-8482-7D312DC44D5A}.Ad-Hoc|x86.ActiveCfg = Debug|Any CPU
		{A6FB99BC-4A19-46BE-8482-7D312DC44D5A}.Ad-Hoc|x86.Build.0 = Debug|Any CPU
		{A6FB99BC-4A19-46BE-8482-7D312DC44D5A}.AppStore|Any CPU.ActiveCfg = Debug|Any CPU
		{A6FB99BC-4A19-46BE-8482-7D312DC44D5A}.AppStore|Any CPU.Build.0 = Debug|Any CPU
		{A6FB99BC-4A19-46BE-8482-7D312DC44D5A}.AppStore|ARM.ActiveCfg = Debug|Any CPU
		{A6FB99BC-4A19-46BE-8482-7D312DC44D5A}.AppStore|ARM.Build.0 = Debug|Any CPU
		{A6FB99BC-4A19-46BE-8482-7D312DC44D5A}.AppStore|iPhone.ActiveCfg = Debug|Any CPU
		{A6FB99BC-4A19-46BE-8482-7D312DC44D5A}.AppStore|iPhone.Build.0 = Debug|Any CPU
		{A6FB99BC-4A19-46BE-8482-7D312DC44D5A}.AppStore|iPhoneSimulator.ActiveCfg = Debug|Any CPU
		{A6FB99BC-4A19-46BE-8482-7D312DC44D5A}.AppStore|iPhoneSimulator.Build.0 = Debug|Any CPU
		{A6FB99BC-4A19-46BE-8482-7D312DC44D5A}.AppStore|x64.ActiveCfg = Debug|Any CPU
		{A6FB99BC-4A19-46BE-8482-7D312DC44D5A}.AppStore|x64.Build.0 = Debug|Any CPU
		{A6FB99BC-4A19-46BE-8482-7D312DC44D5A}.AppStore|x86.ActiveCfg = Debug|Any CPU
		{A6FB99BC-4A19-46BE-8482-7D312DC44D5A}.AppStore|x86.Build.0 = Debug|Any CPU
		{A6FB99BC-4A19-46BE-8482-7D312DC44D5A}.Debug|Any CPU.ActiveCfg = Debug|Any CPU
		{A6FB99BC-4A19-46BE-8482-7D312DC44D5A}.Debug|Any CPU.Build.0 = Debug|Any CPU
		{A6FB99BC-4A19-46BE-8482-7D312DC44D5A}.Debug|ARM.ActiveCfg = Debug|Any CPU
		{A6FB99BC-4A19-46BE-8482-7D312DC44D5A}.Debug|ARM.Build.0 = Debug|Any CPU
		{A6FB99BC-4A19-46BE-8482-7D312DC44D5A}.Debug|iPhone.ActiveCfg = Debug|Any CPU
		{A6FB99BC-4A19-46BE-8482-7D312DC44D5A}.Debug|iPhone.Build.0 = Debug|Any CPU
		{A6FB99BC-4A19-46BE-8482-7D312DC44D5A}.Debug|iPhoneSimulator.ActiveCfg = Debug|Any CPU
		{A6FB99BC-4A19-46BE-8482-7D312DC44D5A}.Debug|iPhoneSimulator.Build.0 = Debug|Any CPU
		{A6FB99BC-4A19-46BE-8482-7D312DC44D5A}.Debug|x64.ActiveCfg = Debug|Any CPU
		{A6FB99BC-4A19-46BE-8482-7D312DC44D5A}.Debug|x64.Build.0 = Debug|Any CPU
		{A6FB99BC-4A19-46BE-8482-7D312DC44D5A}.Debug|x86.ActiveCfg = Debug|Any CPU
		{A6FB99BC-4A19-46BE-8482-7D312DC44D5A}.Debug|x86.Build.0 = Debug|Any CPU
		{A6FB99BC-4A19-46BE-8482-7D312DC44D5A}.Release|Any CPU.ActiveCfg = Release|Any CPU
		{A6FB99BC-4A19-46BE-8482-7D312DC44D5A}.Release|Any CPU.Build.0 = Release|Any CPU
		{A6FB99BC-4A19-46BE-8482-7D312DC44D5A}.Release|ARM.ActiveCfg = Release|Any CPU
		{A6FB99BC-4A19-46BE-8482-7D312DC44D5A}.Release|ARM.Build.0 = Release|Any CPU
		{A6FB99BC-4A19-46BE-8482-7D312DC44D5A}.Release|iPhone.ActiveCfg = Release|Any CPU
		{A6FB99BC-4A19-46BE-8482-7D312DC44D5A}.Release|iPhone.Build.0 = Release|Any CPU
		{A6FB99BC-4A19-46BE-8482-7D312DC44D5A}.Release|iPhoneSimulator.ActiveCfg = Release|Any CPU
		{A6FB99BC-4A19-46BE-8482-7D312DC44D5A}.Release|iPhoneSimulator.Build.0 = Release|Any CPU
		{A6FB99BC-4A19-46BE-8482-7D312DC44D5A}.Release|x64.ActiveCfg = Release|Any CPU
		{A6FB99BC-4A19-46BE-8482-7D312DC44D5A}.Release|x64.Build.0 = Release|Any CPU
		{A6FB99BC-4A19-46BE-8482-7D312DC44D5A}.Release|x86.ActiveCfg = Release|Any CPU
		{A6FB99BC-4A19-46BE-8482-7D312DC44D5A}.Release|x86.Build.0 = Release|Any CPU
		{F6B532BB-2430-4D2D-901F-FF2785E485BB}.Ad-Hoc|Any CPU.ActiveCfg = Ad-Hoc|iPhone
		{F6B532BB-2430-4D2D-901F-FF2785E485BB}.Ad-Hoc|ARM.ActiveCfg = Ad-Hoc|iPhone
		{F6B532BB-2430-4D2D-901F-FF2785E485BB}.Ad-Hoc|iPhone.ActiveCfg = Ad-Hoc|iPhone
		{F6B532BB-2430-4D2D-901F-FF2785E485BB}.Ad-Hoc|iPhone.Build.0 = Ad-Hoc|iPhone
		{F6B532BB-2430-4D2D-901F-FF2785E485BB}.Ad-Hoc|iPhoneSimulator.ActiveCfg = Ad-Hoc|iPhoneSimulator
		{F6B532BB-2430-4D2D-901F-FF2785E485BB}.Ad-Hoc|iPhoneSimulator.Build.0 = Ad-Hoc|iPhoneSimulator
		{F6B532BB-2430-4D2D-901F-FF2785E485BB}.Ad-Hoc|x64.ActiveCfg = Ad-Hoc|iPhone
		{F6B532BB-2430-4D2D-901F-FF2785E485BB}.Ad-Hoc|x86.ActiveCfg = Ad-Hoc|iPhone
		{F6B532BB-2430-4D2D-901F-FF2785E485BB}.AppStore|Any CPU.ActiveCfg = AppStore|iPhone
		{F6B532BB-2430-4D2D-901F-FF2785E485BB}.AppStore|ARM.ActiveCfg = AppStore|iPhone
		{F6B532BB-2430-4D2D-901F-FF2785E485BB}.AppStore|iPhone.ActiveCfg = AppStore|iPhone
		{F6B532BB-2430-4D2D-901F-FF2785E485BB}.AppStore|iPhone.Build.0 = AppStore|iPhone
		{F6B532BB-2430-4D2D-901F-FF2785E485BB}.AppStore|iPhoneSimulator.ActiveCfg = AppStore|iPhoneSimulator
		{F6B532BB-2430-4D2D-901F-FF2785E485BB}.AppStore|iPhoneSimulator.Build.0 = AppStore|iPhoneSimulator
		{F6B532BB-2430-4D2D-901F-FF2785E485BB}.AppStore|x64.ActiveCfg = AppStore|iPhone
		{F6B532BB-2430-4D2D-901F-FF2785E485BB}.AppStore|x86.ActiveCfg = AppStore|iPhone
		{F6B532BB-2430-4D2D-901F-FF2785E485BB}.Debug|Any CPU.ActiveCfg = Debug|iPhone
		{F6B532BB-2430-4D2D-901F-FF2785E485BB}.Debug|ARM.ActiveCfg = Debug|iPhone
		{F6B532BB-2430-4D2D-901F-FF2785E485BB}.Debug|iPhone.ActiveCfg = Debug|iPhone
		{F6B532BB-2430-4D2D-901F-FF2785E485BB}.Debug|iPhone.Build.0 = Debug|iPhone
		{F6B532BB-2430-4D2D-901F-FF2785E485BB}.Debug|iPhoneSimulator.ActiveCfg = Debug|iPhoneSimulator
		{F6B532BB-2430-4D2D-901F-FF2785E485BB}.Debug|iPhoneSimulator.Build.0 = Debug|iPhoneSimulator
		{F6B532BB-2430-4D2D-901F-FF2785E485BB}.Debug|x64.ActiveCfg = Debug|iPhone
		{F6B532BB-2430-4D2D-901F-FF2785E485BB}.Debug|x86.ActiveCfg = Debug|iPhone
		{F6B532BB-2430-4D2D-901F-FF2785E485BB}.Release|Any CPU.ActiveCfg = Release|iPhone
		{F6B532BB-2430-4D2D-901F-FF2785E485BB}.Release|ARM.ActiveCfg = Release|iPhone
		{F6B532BB-2430-4D2D-901F-FF2785E485BB}.Release|iPhone.ActiveCfg = Release|iPhone
		{F6B532BB-2430-4D2D-901F-FF2785E485BB}.Release|iPhone.Build.0 = Release|iPhone
		{F6B532BB-2430-4D2D-901F-FF2785E485BB}.Release|iPhoneSimulator.ActiveCfg = Release|iPhoneSimulator
		{F6B532BB-2430-4D2D-901F-FF2785E485BB}.Release|iPhoneSimulator.Build.0 = Release|iPhoneSimulator
		{F6B532BB-2430-4D2D-901F-FF2785E485BB}.Release|x64.ActiveCfg = Release|iPhone
		{F6B532BB-2430-4D2D-901F-FF2785E485BB}.Release|x86.ActiveCfg = Release|iPhone
		{6F724730-8809-4299-B7F7-8621AA561ECE}.Ad-Hoc|Any CPU.ActiveCfg = Release|x86
		{6F724730-8809-4299-B7F7-8621AA561ECE}.Ad-Hoc|Any CPU.Build.0 = Release|x86
		{6F724730-8809-4299-B7F7-8621AA561ECE}.Ad-Hoc|Any CPU.Deploy.0 = Release|x86
		{6F724730-8809-4299-B7F7-8621AA561ECE}.Ad-Hoc|ARM.ActiveCfg = Release|ARM
		{6F724730-8809-4299-B7F7-8621AA561ECE}.Ad-Hoc|ARM.Build.0 = Release|ARM
		{6F724730-8809-4299-B7F7-8621AA561ECE}.Ad-Hoc|ARM.Deploy.0 = Release|ARM
		{6F724730-8809-4299-B7F7-8621AA561ECE}.Ad-Hoc|iPhone.ActiveCfg = Release|x86
		{6F724730-8809-4299-B7F7-8621AA561ECE}.Ad-Hoc|iPhone.Build.0 = Release|x86
		{6F724730-8809-4299-B7F7-8621AA561ECE}.Ad-Hoc|iPhone.Deploy.0 = Release|x86
		{6F724730-8809-4299-B7F7-8621AA561ECE}.Ad-Hoc|iPhoneSimulator.ActiveCfg = Release|x86
		{6F724730-8809-4299-B7F7-8621AA561ECE}.Ad-Hoc|iPhoneSimulator.Build.0 = Release|x86
		{6F724730-8809-4299-B7F7-8621AA561ECE}.Ad-Hoc|iPhoneSimulator.Deploy.0 = Release|x86
		{6F724730-8809-4299-B7F7-8621AA561ECE}.Ad-Hoc|x64.ActiveCfg = Release|x64
		{6F724730-8809-4299-B7F7-8621AA561ECE}.Ad-Hoc|x64.Build.0 = Release|x64
		{6F724730-8809-4299-B7F7-8621AA561ECE}.Ad-Hoc|x64.Deploy.0 = Release|x64
		{6F724730-8809-4299-B7F7-8621AA561ECE}.Ad-Hoc|x86.ActiveCfg = Release|x86
		{6F724730-8809-4299-B7F7-8621AA561ECE}.Ad-Hoc|x86.Build.0 = Release|x86
		{6F724730-8809-4299-B7F7-8621AA561ECE}.Ad-Hoc|x86.Deploy.0 = Release|x86
		{6F724730-8809-4299-B7F7-8621AA561ECE}.AppStore|Any CPU.ActiveCfg = Release|x86
		{6F724730-8809-4299-B7F7-8621AA561ECE}.AppStore|Any CPU.Build.0 = Release|x86
		{6F724730-8809-4299-B7F7-8621AA561ECE}.AppStore|Any CPU.Deploy.0 = Release|x86
		{6F724730-8809-4299-B7F7-8621AA561ECE}.AppStore|ARM.ActiveCfg = Release|ARM
		{6F724730-8809-4299-B7F7-8621AA561ECE}.AppStore|ARM.Build.0 = Release|ARM
		{6F724730-8809-4299-B7F7-8621AA561ECE}.AppStore|ARM.Deploy.0 = Release|ARM
		{6F724730-8809-4299-B7F7-8621AA561ECE}.AppStore|iPhone.ActiveCfg = Release|x86
		{6F724730-8809-4299-B7F7-8621AA561ECE}.AppStore|iPhone.Build.0 = Release|x86
		{6F724730-8809-4299-B7F7-8621AA561ECE}.AppStore|iPhone.Deploy.0 = Release|x86
		{6F724730-8809-4299-B7F7-8621AA561ECE}.AppStore|iPhoneSimulator.ActiveCfg = Release|x86
		{6F724730-8809-4299-B7F7-8621AA561ECE}.AppStore|iPhoneSimulator.Build.0 = Release|x86
		{6F724730-8809-4299-B7F7-8621AA561ECE}.AppStore|iPhoneSimulator.Deploy.0 = Release|x86
		{6F724730-8809-4299-B7F7-8621AA561ECE}.AppStore|x64.ActiveCfg = Release|x64
		{6F724730-8809-4299-B7F7-8621AA561ECE}.AppStore|x64.Build.0 = Release|x64
		{6F724730-8809-4299-B7F7-8621AA561ECE}.AppStore|x64.Deploy.0 = Release|x64
		{6F724730-8809-4299-B7F7-8621AA561ECE}.AppStore|x86.ActiveCfg = Release|x86
		{6F724730-8809-4299-B7F7-8621AA561ECE}.AppStore|x86.Build.0 = Release|x86
		{6F724730-8809-4299-B7F7-8621AA561ECE}.AppStore|x86.Deploy.0 = Release|x86
		{6F724730-8809-4299-B7F7-8621AA561ECE}.Debug|Any CPU.ActiveCfg = Debug|x86
		{6F724730-8809-4299-B7F7-8621AA561ECE}.Debug|ARM.ActiveCfg = Debug|ARM
		{6F724730-8809-4299-B7F7-8621AA561ECE}.Debug|ARM.Build.0 = Debug|ARM
		{6F724730-8809-4299-B7F7-8621AA561ECE}.Debug|ARM.Deploy.0 = Debug|ARM
		{6F724730-8809-4299-B7F7-8621AA561ECE}.Debug|iPhone.ActiveCfg = Debug|x86
		{6F724730-8809-4299-B7F7-8621AA561ECE}.Debug|iPhoneSimulator.ActiveCfg = Debug|x86
		{6F724730-8809-4299-B7F7-8621AA561ECE}.Debug|x64.ActiveCfg = Debug|x64
		{6F724730-8809-4299-B7F7-8621AA561ECE}.Debug|x64.Build.0 = Debug|x64
		{6F724730-8809-4299-B7F7-8621AA561ECE}.Debug|x64.Deploy.0 = Debug|x64
		{6F724730-8809-4299-B7F7-8621AA561ECE}.Debug|x86.ActiveCfg = Debug|x86
		{6F724730-8809-4299-B7F7-8621AA561ECE}.Debug|x86.Build.0 = Debug|x86
		{6F724730-8809-4299-B7F7-8621AA561ECE}.Debug|x86.Deploy.0 = Debug|x86
		{6F724730-8809-4299-B7F7-8621AA561ECE}.Release|Any CPU.ActiveCfg = Release|x86
		{6F724730-8809-4299-B7F7-8621AA561ECE}.Release|ARM.ActiveCfg = Release|ARM
		{6F724730-8809-4299-B7F7-8621AA561ECE}.Release|ARM.Build.0 = Release|ARM
		{6F724730-8809-4299-B7F7-8621AA561ECE}.Release|ARM.Deploy.0 = Release|ARM
		{6F724730-8809-4299-B7F7-8621AA561ECE}.Release|iPhone.ActiveCfg = Release|x86
		{6F724730-8809-4299-B7F7-8621AA561ECE}.Release|iPhoneSimulator.ActiveCfg = Release|x86
		{6F724730-8809-4299-B7F7-8621AA561ECE}.Release|x64.ActiveCfg = Release|x64
		{6F724730-8809-4299-B7F7-8621AA561ECE}.Release|x64.Build.0 = Release|x64
		{6F724730-8809-4299-B7F7-8621AA561ECE}.Release|x64.Deploy.0 = Release|x64
		{6F724730-8809-4299-B7F7-8621AA561ECE}.Release|x86.ActiveCfg = Release|x86
		{6F724730-8809-4299-B7F7-8621AA561ECE}.Release|x86.Build.0 = Release|x86
		{6F724730-8809-4299-B7F7-8621AA561ECE}.Release|x86.Deploy.0 = Release|x86
		{20FDA6ED-B68E-4610-807B-F358668F181E}.Ad-Hoc|Any CPU.ActiveCfg = Release|Any CPU
		{20FDA6ED-B68E-4610-807B-F358668F181E}.Ad-Hoc|Any CPU.Build.0 = Release|Any CPU
		{20FDA6ED-B68E-4610-807B-F358668F181E}.Ad-Hoc|Any CPU.Deploy.0 = Release|Any CPU
		{20FDA6ED-B68E-4610-807B-F358668F181E}.Ad-Hoc|ARM.ActiveCfg = Release|Any CPU
		{20FDA6ED-B68E-4610-807B-F358668F181E}.Ad-Hoc|ARM.Build.0 = Release|Any CPU
		{20FDA6ED-B68E-4610-807B-F358668F181E}.Ad-Hoc|ARM.Deploy.0 = Release|Any CPU
		{20FDA6ED-B68E-4610-807B-F358668F181E}.Ad-Hoc|iPhone.ActiveCfg = Release|Any CPU
		{20FDA6ED-B68E-4610-807B-F358668F181E}.Ad-Hoc|iPhone.Build.0 = Release|Any CPU
		{20FDA6ED-B68E-4610-807B-F358668F181E}.Ad-Hoc|iPhone.Deploy.0 = Release|Any CPU
		{20FDA6ED-B68E-4610-807B-F358668F181E}.Ad-Hoc|iPhoneSimulator.ActiveCfg = Release|Any CPU
		{20FDA6ED-B68E-4610-807B-F358668F181E}.Ad-Hoc|iPhoneSimulator.Build.0 = Release|Any CPU
		{20FDA6ED-B68E-4610-807B-F358668F181E}.Ad-Hoc|iPhoneSimulator.Deploy.0 = Release|Any CPU
		{20FDA6ED-B68E-4610-807B-F358668F181E}.Ad-Hoc|x64.ActiveCfg = Release|Any CPU
		{20FDA6ED-B68E-4610-807B-F358668F181E}.Ad-Hoc|x64.Build.0 = Release|Any CPU
		{20FDA6ED-B68E-4610-807B-F358668F181E}.Ad-Hoc|x64.Deploy.0 = Release|Any CPU
		{20FDA6ED-B68E-4610-807B-F358668F181E}.Ad-Hoc|x86.ActiveCfg = Release|Any CPU
		{20FDA6ED-B68E-4610-807B-F358668F181E}.Ad-Hoc|x86.Build.0 = Release|Any CPU
		{20FDA6ED-B68E-4610-807B-F358668F181E}.Ad-Hoc|x86.Deploy.0 = Release|Any CPU
		{20FDA6ED-B68E-4610-807B-F358668F181E}.AppStore|Any CPU.ActiveCfg = Release|Any CPU
		{20FDA6ED-B68E-4610-807B-F358668F181E}.AppStore|Any CPU.Build.0 = Release|Any CPU
		{20FDA6ED-B68E-4610-807B-F358668F181E}.AppStore|Any CPU.Deploy.0 = Release|Any CPU
		{20FDA6ED-B68E-4610-807B-F358668F181E}.AppStore|ARM.ActiveCfg = Release|Any CPU
		{20FDA6ED-B68E-4610-807B-F358668F181E}.AppStore|ARM.Build.0 = Release|Any CPU
		{20FDA6ED-B68E-4610-807B-F358668F181E}.AppStore|ARM.Deploy.0 = Release|Any CPU
		{20FDA6ED-B68E-4610-807B-F358668F181E}.AppStore|iPhone.ActiveCfg = Release|Any CPU
		{20FDA6ED-B68E-4610-807B-F358668F181E}.AppStore|iPhone.Build.0 = Release|Any CPU
		{20FDA6ED-B68E-4610-807B-F358668F181E}.AppStore|iPhone.Deploy.0 = Release|Any CPU
		{20FDA6ED-B68E-4610-807B-F358668F181E}.AppStore|iPhoneSimulator.ActiveCfg = Release|Any CPU
		{20FDA6ED-B68E-4610-807B-F358668F181E}.AppStore|iPhoneSimulator.Build.0 = Release|Any CPU
		{20FDA6ED-B68E-4610-807B-F358668F181E}.AppStore|iPhoneSimulator.Deploy.0 = Release|Any CPU
		{20FDA6ED-B68E-4610-807B-F358668F181E}.AppStore|x64.ActiveCfg = Release|Any CPU
		{20FDA6ED-B68E-4610-807B-F358668F181E}.AppStore|x64.Build.0 = Release|Any CPU
		{20FDA6ED-B68E-4610-807B-F358668F181E}.AppStore|x64.Deploy.0 = Release|Any CPU
		{20FDA6ED-B68E-4610-807B-F358668F181E}.AppStore|x86.ActiveCfg = Release|Any CPU
		{20FDA6ED-B68E-4610-807B-F358668F181E}.AppStore|x86.Build.0 = Release|Any CPU
		{20FDA6ED-B68E-4610-807B-F358668F181E}.AppStore|x86.Deploy.0 = Release|Any CPU
		{20FDA6ED-B68E-4610-807B-F358668F181E}.Debug|Any CPU.ActiveCfg = Debug|Any CPU
		{20FDA6ED-B68E-4610-807B-F358668F181E}.Debug|Any CPU.Build.0 = Debug|Any CPU
		{20FDA6ED-B68E-4610-807B-F358668F181E}.Debug|Any CPU.Deploy.0 = Debug|Any CPU
		{20FDA6ED-B68E-4610-807B-F358668F181E}.Debug|ARM.ActiveCfg = Debug|Any CPU
		{20FDA6ED-B68E-4610-807B-F358668F181E}.Debug|ARM.Build.0 = Debug|Any CPU
		{20FDA6ED-B68E-4610-807B-F358668F181E}.Debug|ARM.Deploy.0 = Debug|Any CPU
		{20FDA6ED-B68E-4610-807B-F358668F181E}.Debug|iPhone.ActiveCfg = Debug|Any CPU
		{20FDA6ED-B68E-4610-807B-F358668F181E}.Debug|iPhone.Build.0 = Debug|Any CPU
		{20FDA6ED-B68E-4610-807B-F358668F181E}.Debug|iPhone.Deploy.0 = Debug|Any CPU
		{20FDA6ED-B68E-4610-807B-F358668F181E}.Debug|iPhoneSimulator.ActiveCfg = Debug|Any CPU
		{20FDA6ED-B68E-4610-807B-F358668F181E}.Debug|iPhoneSimulator.Build.0 = Debug|Any CPU
		{20FDA6ED-B68E-4610-807B-F358668F181E}.Debug|iPhoneSimulator.Deploy.0 = Debug|Any CPU
		{20FDA6ED-B68E-4610-807B-F358668F181E}.Debug|x64.ActiveCfg = Debug|Any CPU
		{20FDA6ED-B68E-4610-807B-F358668F181E}.Debug|x64.Build.0 = Debug|Any CPU
		{20FDA6ED-B68E-4610-807B-F358668F181E}.Debug|x64.Deploy.0 = Debug|Any CPU
		{20FDA6ED-B68E-4610-807B-F358668F181E}.Debug|x86.ActiveCfg = Debug|Any CPU
		{20FDA6ED-B68E-4610-807B-F358668F181E}.Debug|x86.Build.0 = Debug|Any CPU
		{20FDA6ED-B68E-4610-807B-F358668F181E}.Debug|x86.Deploy.0 = Debug|Any CPU
		{20FDA6ED-B68E-4610-807B-F358668F181E}.Release|Any CPU.ActiveCfg = Release|Any CPU
		{20FDA6ED-B68E-4610-807B-F358668F181E}.Release|Any CPU.Build.0 = Release|Any CPU
		{20FDA6ED-B68E-4610-807B-F358668F181E}.Release|Any CPU.Deploy.0 = Release|Any CPU
		{20FDA6ED-B68E-4610-807B-F358668F181E}.Release|ARM.ActiveCfg = Release|Any CPU
		{20FDA6ED-B68E-4610-807B-F358668F181E}.Release|ARM.Build.0 = Release|Any CPU
		{20FDA6ED-B68E-4610-807B-F358668F181E}.Release|ARM.Deploy.0 = Release|Any CPU
		{20FDA6ED-B68E-4610-807B-F358668F181E}.Release|iPhone.ActiveCfg = Release|Any CPU
		{20FDA6ED-B68E-4610-807B-F358668F181E}.Release|iPhone.Build.0 = Release|Any CPU
		{20FDA6ED-B68E-4610-807B-F358668F181E}.Release|iPhone.Deploy.0 = Release|Any CPU
		{20FDA6ED-B68E-4610-807B-F358668F181E}.Release|iPhoneSimulator.ActiveCfg = Release|Any CPU
		{20FDA6ED-B68E-4610-807B-F358668F181E}.Release|iPhoneSimulator.Build.0 = Release|Any CPU
		{20FDA6ED-B68E-4610-807B-F358668F181E}.Release|iPhoneSimulator.Deploy.0 = Release|Any CPU
		{20FDA6ED-B68E-4610-807B-F358668F181E}.Release|x64.ActiveCfg = Release|Any CPU
		{20FDA6ED-B68E-4610-807B-F358668F181E}.Release|x64.Build.0 = Release|Any CPU
		{20FDA6ED-B68E-4610-807B-F358668F181E}.Release|x64.Deploy.0 = Release|Any CPU
		{20FDA6ED-B68E-4610-807B-F358668F181E}.Release|x86.ActiveCfg = Release|Any CPU
		{20FDA6ED-B68E-4610-807B-F358668F181E}.Release|x86.Build.0 = Release|Any CPU
		{20FDA6ED-B68E-4610-807B-F358668F181E}.Release|x86.Deploy.0 = Release|Any CPU
		{B445DF73-AC9E-4276-9FBA-7CB5AD5D2518}.Ad-Hoc|Any CPU.ActiveCfg = Release|Any CPU
		{B445DF73-AC9E-4276-9FBA-7CB5AD5D2518}.Ad-Hoc|Any CPU.Build.0 = Release|Any CPU
		{B445DF73-AC9E-4276-9FBA-7CB5AD5D2518}.Ad-Hoc|ARM.ActiveCfg = Release|Any CPU
		{B445DF73-AC9E-4276-9FBA-7CB5AD5D2518}.Ad-Hoc|ARM.Build.0 = Release|Any CPU
		{B445DF73-AC9E-4276-9FBA-7CB5AD5D2518}.Ad-Hoc|iPhone.ActiveCfg = Release|Any CPU
		{B445DF73-AC9E-4276-9FBA-7CB5AD5D2518}.Ad-Hoc|iPhone.Build.0 = Release|Any CPU
		{B445DF73-AC9E-4276-9FBA-7CB5AD5D2518}.Ad-Hoc|iPhoneSimulator.ActiveCfg = Release|Any CPU
		{B445DF73-AC9E-4276-9FBA-7CB5AD5D2518}.Ad-Hoc|iPhoneSimulator.Build.0 = Release|Any CPU
		{B445DF73-AC9E-4276-9FBA-7CB5AD5D2518}.Ad-Hoc|x64.ActiveCfg = Release|Any CPU
		{B445DF73-AC9E-4276-9FBA-7CB5AD5D2518}.Ad-Hoc|x64.Build.0 = Release|Any CPU
		{B445DF73-AC9E-4276-9FBA-7CB5AD5D2518}.Ad-Hoc|x86.ActiveCfg = Release|Any CPU
		{B445DF73-AC9E-4276-9FBA-7CB5AD5D2518}.Ad-Hoc|x86.Build.0 = Release|Any CPU
		{B445DF73-AC9E-4276-9FBA-7CB5AD5D2518}.AppStore|Any CPU.ActiveCfg = Release|Any CPU
		{B445DF73-AC9E-4276-9FBA-7CB5AD5D2518}.AppStore|Any CPU.Build.0 = Release|Any CPU
		{B445DF73-AC9E-4276-9FBA-7CB5AD5D2518}.AppStore|ARM.ActiveCfg = Release|Any CPU
		{B445DF73-AC9E-4276-9FBA-7CB5AD5D2518}.AppStore|ARM.Build.0 = Release|Any CPU
		{B445DF73-AC9E-4276-9FBA-7CB5AD5D2518}.AppStore|iPhone.ActiveCfg = Release|Any CPU
		{B445DF73-AC9E-4276-9FBA-7CB5AD5D2518}.AppStore|iPhone.Build.0 = Release|Any CPU
		{B445DF73-AC9E-4276-9FBA-7CB5AD5D2518}.AppStore|iPhoneSimulator.ActiveCfg = Release|Any CPU
		{B445DF73-AC9E-4276-9FBA-7CB5AD5D2518}.AppStore|iPhoneSimulator.Build.0 = Release|Any CPU
		{B445DF73-AC9E-4276-9FBA-7CB5AD5D2518}.AppStore|x64.ActiveCfg = Release|Any CPU
		{B445DF73-AC9E-4276-9FBA-7CB5AD5D2518}.AppStore|x64.Build.0 = Release|Any CPU
		{B445DF73-AC9E-4276-9FBA-7CB5AD5D2518}.AppStore|x86.ActiveCfg = Release|Any CPU
		{B445DF73-AC9E-4276-9FBA-7CB5AD5D2518}.AppStore|x86.Build.0 = Release|Any CPU
		{B445DF73-AC9E-4276-9FBA-7CB5AD5D2518}.Debug|Any CPU.ActiveCfg = Debug|Any CPU
		{B445DF73-AC9E-4276-9FBA-7CB5AD5D2518}.Debug|Any CPU.Build.0 = Debug|Any CPU
		{B445DF73-AC9E-4276-9FBA-7CB5AD5D2518}.Debug|ARM.ActiveCfg = Debug|Any CPU
		{B445DF73-AC9E-4276-9FBA-7CB5AD5D2518}.Debug|ARM.Build.0 = Debug|Any CPU
		{B445DF73-AC9E-4276-9FBA-7CB5AD5D2518}.Debug|iPhone.ActiveCfg = Debug|Any CPU
		{B445DF73-AC9E-4276-9FBA-7CB5AD5D2518}.Debug|iPhone.Build.0 = Debug|Any CPU
		{B445DF73-AC9E-4276-9FBA-7CB5AD5D2518}.Debug|iPhoneSimulator.ActiveCfg = Debug|Any CPU
		{B445DF73-AC9E-4276-9FBA-7CB5AD5D2518}.Debug|iPhoneSimulator.Build.0 = Debug|Any CPU
		{B445DF73-AC9E-4276-9FBA-7CB5AD5D2518}.Debug|x64.ActiveCfg = Debug|Any CPU
		{B445DF73-AC9E-4276-9FBA-7CB5AD5D2518}.Debug|x64.Build.0 = Debug|Any CPU
		{B445DF73-AC9E-4276-9FBA-7CB5AD5D2518}.Debug|x86.ActiveCfg = Debug|Any CPU
		{B445DF73-AC9E-4276-9FBA-7CB5AD5D2518}.Debug|x86.Build.0 = Debug|Any CPU
		{B445DF73-AC9E-4276-9FBA-7CB5AD5D2518}.Release|Any CPU.ActiveCfg = Release|Any CPU
		{B445DF73-AC9E-4276-9FBA-7CB5AD5D2518}.Release|Any CPU.Build.0 = Release|Any CPU
		{B445DF73-AC9E-4276-9FBA-7CB5AD5D2518}.Release|ARM.ActiveCfg = Release|Any CPU
		{B445DF73-AC9E-4276-9FBA-7CB5AD5D2518}.Release|ARM.Build.0 = Release|Any CPU
		{B445DF73-AC9E-4276-9FBA-7CB5AD5D2518}.Release|iPhone.ActiveCfg = Release|Any CPU
		{B445DF73-AC9E-4276-9FBA-7CB5AD5D2518}.Release|iPhone.Build.0 = Release|Any CPU
		{B445DF73-AC9E-4276-9FBA-7CB5AD5D2518}.Release|iPhoneSimulator.ActiveCfg = Release|Any CPU
		{B445DF73-AC9E-4276-9FBA-7CB5AD5D2518}.Release|iPhoneSimulator.Build.0 = Release|Any CPU
		{B445DF73-AC9E-4276-9FBA-7CB5AD5D2518}.Release|x64.ActiveCfg = Release|Any CPU
		{B445DF73-AC9E-4276-9FBA-7CB5AD5D2518}.Release|x64.Build.0 = Release|Any CPU
		{B445DF73-AC9E-4276-9FBA-7CB5AD5D2518}.Release|x86.ActiveCfg = Release|Any CPU
		{B445DF73-AC9E-4276-9FBA-7CB5AD5D2518}.Release|x86.Build.0 = Release|Any CPU
	EndGlobalSection
	GlobalSection(SolutionProperties) = preSolution
		HideSolutionNode = FALSE
	EndGlobalSection
	GlobalSection(ExtensibilityGlobals) = postSolution
		SolutionGuid = {F6D05029-56B8-4E45-AF2D-0E76295DDBA2}
	EndGlobalSection
EndGlobal
